
Microsoft Visual Studio Solution File, Format Version 12.00
Project("{FAE04EC0-301F-11D3-BF4B-00C04F79EFBC}") = "Todo.Shared", "Todo.Shared\Todo.Shared.csproj", "{EF42960C-2726-40B1-B438-4CDE3E7ABF7D}"
EndProject
Project("{2150E333-8FDC-42A3-9474-1A3956D46DE8}") = "UserService", "UserService", "{1CC2D723-C32C-4EA6-8A19-1332199488F1}"
EndProject
Project("{2150E333-8FDC-42A3-9474-1A3956D46DE8}") = "WorkItem", "WorkItem", "{E985194D-88BF-4AA8-A933-982431E9FFE3}"
EndProject
Project("{FAE04EC0-301F-11D3-BF4B-00C04F79EFBC}") = "Todo.User.Domain", "Todo.User.Domain\Todo.User.Domain.csproj", "{46B08B3B-259C-480C-9AFB-E27742ACF1D0}"
EndProject
Project("{FAE04EC0-301F-11D3-BF4B-00C04F79EFBC}") = "Todo.User.Infrastructure", "Todo.User.Infrastructure\Todo.User.Infrastructure.csproj", "{8C4A25EA-0542-488F-AC0B-210E1961D174}"
EndProject
Project("{FAE04EC0-301F-11D3-BF4B-00C04F79EFBC}") = "Todo.User.Application", "Todo.User.Application\Todo.User.Application.csproj", "{8D2A8D3C-2F49-406F-902C-1E4270AF4091}"
EndProject
Project("{FAE04EC0-301F-11D3-BF4B-00C04F79EFBC}") = "Todo.User.Api", "Todo.User.Api\Todo.User.Api.csproj", "{8E0DA7F7-8BF4-4EFC-8CCA-CCC1A4B0EB9B}"
EndProject
Project("{2150E333-8FDC-42A3-9474-1A3956D46DE8}") = "Solution Items", "Solution Items", "{0C06CF77-3D9C-4120-957F-35F483EA687B}"
	ProjectSection(SolutionItems) = preProject
		compose.yaml = compose.yaml
	EndProjectSection
EndProject
Project("{FAE04EC0-301F-11D3-BF4B-00C04F79EFBC}") = "Todo.Api", "Todo.Api\Todo.Api.csproj", "{22D37C22-9081-452E-B1A5-9D93250801CF}"
EndProject
Global
	GlobalSection(SolutionConfigurationPlatforms) = preSolution
		Debug|Any CPU = Debug|Any CPU
		Release|Any CPU = Release|Any CPU
	EndGlobalSection
	GlobalSection(ProjectConfigurationPlatforms) = postSolution
		{EF42960C-2726-40B1-B438-4CDE3E7ABF7D}.Debug|Any CPU.ActiveCfg = Debug|Any CPU
		{EF42960C-2726-40B1-B438-4CDE3E7ABF7D}.Debug|Any CPU.Build.0 = Debug|Any CPU
		{EF42960C-2726-40B1-B438-4CDE3E7ABF7D}.Release|Any CPU.ActiveCfg = Release|Any CPU
		{EF42960C-2726-40B1-B438-4CDE3E7ABF7D}.Release|Any CPU.Build.0 = Release|Any CPU
		{46B08B3B-259C-480C-9AFB-E27742ACF1D0}.Debug|Any CPU.ActiveCfg = Debug|Any CPU
		{46B08B3B-259C-480C-9AFB-E27742ACF1D0}.Debug|Any CPU.Build.0 = Debug|Any CPU
		{46B08B3B-259C-480C-9AFB-E27742ACF1D0}.Release|Any CPU.ActiveCfg = Release|Any CPU
		{46B08B3B-259C-480C-9AFB-E27742ACF1D0}.Release|Any CPU.Build.0 = Release|Any CPU
		{8C4A25EA-0542-488F-AC0B-210E1961D174}.Debug|Any CPU.ActiveCfg = Debug|Any CPU
		{8C4A25EA-0542-488F-AC0B-210E1961D174}.Debug|Any CPU.Build.0 = Debug|Any CPU
		{8C4A25EA-0542-488F-AC0B-210E1961D174}.Release|Any CPU.ActiveCfg = Release|Any CPU
		{8C4A25EA-0542-488F-AC0B-210E1961D174}.Release|Any CPU.Build.0 = Release|Any CPU
		{8D2A8D3C-2F49-406F-902C-1E4270AF4091}.Debug|Any CPU.ActiveCfg = Debug|Any CPU
		{8D2A8D3C-2F49-406F-902C-1E4270AF4091}.Debug|Any CPU.Build.0 = Debug|Any CPU
		{8D2A8D3C-2F49-406F-902C-1E4270AF4091}.Release|Any CPU.ActiveCfg = Release|Any CPU
		{8D2A8D3C-2F49-406F-902C-1E4270AF4091}.Release|Any CPU.Build.0 = Release|Any CPU
		{8E0DA7F7-8BF4-4EFC-8CCA-CCC1A4B0EB9B}.Debug|Any CPU.ActiveCfg = Debug|Any CPU
		{8E0DA7F7-8BF4-4EFC-8CCA-CCC1A4B0EB9B}.Debug|Any CPU.Build.0 = Debug|Any CPU
		{8E0DA7F7-8BF4-4EFC-8CCA-CCC1A4B0EB9B}.Release|Any CPU.ActiveCfg = Release|Any CPU
		{8E0DA7F7-8BF4-4EFC-8CCA-CCC1A4B0EB9B}.Release|Any CPU.Build.0 = Release|Any CPU
		{22D37C22-9081-452E-B1A5-9D93250801CF}.Debug|Any CPU.ActiveCfg = Debug|Any CPU
		{22D37C22-9081-452E-B1A5-9D93250801CF}.Debug|Any CPU.Build.0 = Debug|Any CPU
		{22D37C22-9081-452E-B1A5-9D93250801CF}.Release|Any CPU.ActiveCfg = Release|Any CPU
		{22D37C22-9081-452E-B1A5-9D93250801CF}.Release|Any CPU.Build.0 = Release|Any CPU
	EndGlobalSection
	GlobalSection(SolutionProperties) = preSolution
		HideSolutionNode = FALSE
	EndGlobalSection
	GlobalSection(NestedProjects) = preSolution
		{46B08B3B-259C-480C-9AFB-E27742ACF1D0} = {1CC2D723-C32C-4EA6-8A19-1332199488F1}
		{8C4A25EA-0542-488F-AC0B-210E1961D174} = {1CC2D723-C32C-4EA6-8A19-1332199488F1}
		{8D2A8D3C-2F49-406F-902C-1E4270AF4091} = {1CC2D723-C32C-4EA6-8A19-1332199488F1}
		{8E0DA7F7-8BF4-4EFC-8CCA-CCC1A4B0EB9B} = {1CC2D723-C32C-4EA6-8A19-1332199488F1}
	EndGlobalSection
EndGlobal
